
Microsoft Visual Studio Solution File, Format Version 12.00
# Visual Studio 15
VisualStudioVersion = 15.0.28010.2019
MinimumVisualStudioVersion = 10.0.40219.1
Project("{FAE04EC0-301F-11D3-BF4B-00C04F79EFBC}") = "Week3ClassWork", "Week3ClassWork\Week3ClassWork.csproj", "{47377F48-A145-456A-A9EC-9231268B3FA0}"
EndProject
Global
	GlobalSection(SolutionConfigurationPlatforms) = preSolution
		Debug|Any CPU = Debug|Any CPU
		Release|Any CPU = Release|Any CPU
	EndGlobalSection
	GlobalSection(ProjectConfigurationPlatforms) = postSolution
		{47377F48-A145-456A-A9EC-9231268B3FA0}.Debug|Any CPU.ActiveCfg = Debug|Any CPU
		{47377F48-A145-456A-A9EC-9231268B3FA0}.Debug|Any CPU.Build.0 = Debug|Any CPU
		{47377F48-A145-456A-A9EC-9231268B3FA0}.Release|Any CPU.ActiveCfg = Release|Any CPU
		{47377F48-A145-456A-A9EC-9231268B3FA0}.Release|Any CPU.Build.0 = Release|Any CPU
	EndGlobalSection
	GlobalSection(SolutionProperties) = preSolution
		HideSolutionNode = FALSE
	EndGlobalSection
	GlobalSection(ExtensibilityGlobals) = postSolution
		SolutionGuid = {9A250D82-1201-458D-9D4E-F9E23F2D7350}
	EndGlobalSection
EndGlobal
